Microsoft Visual Studio Solution File, Format Version 12.00
# Visual Studio Version 17
VisualStudioVersion = 17.5.2.0
MinimumVisualStudioVersion = 10.0.40219.1
Project("{FAE04EC0-301F-11D3-BF4B-00C04F79EFBC}") = "DS3FogRandoOverlay", "DS3FogRandoOverlay.csproj", "{59363733-88DF-35A7-C6D8-71509059FE56}"
EndProject
Global
	GlobalSection(SolutionConfigurationPlatforms) = preSolution
		Debug|Any CPU = Debug|Any CPU
		Release|Any CPU = Release|Any CPU
	EndGlobalSection
	GlobalSection(ProjectConfigurationPlatforms) = postSolution
		{59363733-88DF-35A7-C6D8-71509059FE56}.Debug|Any CPU.ActiveCfg = Debug|Any CPU
		{59363733-88DF-35A7-C6D8-71509059FE56}.Debug|Any CPU.Build.0 = Debug|Any CPU
		{59363733-88DF-35A7-C6D8-71509059FE56}.Release|Any CPU.ActiveCfg = Release|Any CPU
		{59363733-88DF-35A7-C6D8-71509059FE56}.Release|Any CPU.Build.0 = Release|Any CPU
	EndGlobalSection
	GlobalSection(SolutionProperties) = preSolution
		HideSolutionNode = FALSE
	EndGlobalSection
	GlobalSection(ExtensibilityGlobals) = postSolution
		SolutionGuid = {DB38C4C4-05A2-4158-B41B-3896DEA9DFAB}
	EndGlobalSection
EndGlobal
